
Microsoft Visual Studio Solution File, Format Version 12.00
# Visual Studio Version 16
VisualStudioVersion = 16.0.30011.22
MinimumVisualStudioVersion = 10.0.40219.1
Project("{9A19103F-16F7-4668-BE54-9A1E7A4F7556}") = "Biometria", "WpfProject\Biometria.csproj", "{BAC3791C-3AAF-4F18-987D-F72822533961}"
EndProject
Global
	GlobalSection(SolutionConfigurationPlatforms) = preSolution
		Debug|Any CPU = Debug|Any CPU
		Release|Any CPU = Release|Any CPU
	EndGlobalSection
	GlobalSection(ProjectConfigurationPlatforms) = postSolution
		{BAC3791C-3AAF-4F18-987D-F72822533961}.Debug|Any CPU.ActiveCfg = Debug|Any CPU
		{BAC3791C-3AAF-4F18-987D-F72822533961}.Debug|Any CPU.Build.0 = Debug|Any CPU
		{BAC3791C-3AAF-4F18-987D-F72822533961}.Release|Any CPU.ActiveCfg = Release|Any CPU
		{BAC3791C-3AAF-4F18-987D-F72822533961}.Release|Any CPU.Build.0 = Release|Any CPU
	EndGlobalSection
	GlobalSection(SolutionProperties) = preSolution
		HideSolutionNode = FALSE
	EndGlobalSection
	GlobalSection(ExtensibilityGlobals) = postSolution
		SolutionGuid = {582F72B4-D356-4D2E-98A9-C3B616312A78}
	EndGlobalSection
EndGlobal
